
Microsoft Visual Studio Solution File, Format Version 12.00
# Visual Studio Version 17
VisualStudioVersion = 17.7.34003.232
MinimumVisualStudioVersion = 10.0.40219.1
Project("{FAE04EC0-301F-11D3-BF4B-00C04F79EFBC}") = "Elenigma", "Elenigma.csproj", "{FCAFF5B4-266A-4C53-9D96-37A54121AAB9}"
EndProject
Global
	GlobalSection(SolutionConfigurationPlatforms) = preSolution
		Debug|Any CPU = Debug|Any CPU
		Debug|x64 = Debug|x64
		Release|Any CPU = Release|Any CPU
		Release|x64 = Release|x64
	EndGlobalSection
	GlobalSection(ProjectConfigurationPlatforms) = postSolution
		{FCAFF5B4-266A-4C53-9D96-37A54121AAB9}.Debug|Any CPU.ActiveCfg = Debug|Any CPU
		{FCAFF5B4-266A-4C53-9D96-37A54121AAB9}.Debug|Any CPU.Build.0 = Debug|Any CPU
		{FCAFF5B4-266A-4C53-9D96-37A54121AAB9}.Debug|x64.ActiveCfg = Debug|x64
		{FCAFF5B4-266A-4C53-9D96-37A54121AAB9}.Debug|x64.Build.0 = Debug|x64
		{FCAFF5B4-266A-4C53-9D96-37A54121AAB9}.Release|Any CPU.ActiveCfg = Release|Any CPU
		{FCAFF5B4-266A-4C53-9D96-37A54121AAB9}.Release|Any CPU.Build.0 = Release|Any CPU
		{FCAFF5B4-266A-4C53-9D96-37A54121AAB9}.Release|x64.ActiveCfg = Release|x64
		{FCAFF5B4-266A-4C53-9D96-37A54121AAB9}.Release|x64.Build.0 = Release|x64
	EndGlobalSection
	GlobalSection(SolutionProperties) = preSolution
		HideSolutionNode = FALSE
	EndGlobalSection
	GlobalSection(ExtensibilityGlobals) = postSolution
		SolutionGuid = {06167EBF-27B9-48C5-8037-C46CEB449CE3}
	EndGlobalSection
EndGlobal
